{
  "name": "lex-ai-n8n",
  "version": "0.1.0",
  "lockfileVersion": 3,
  "requires": true,
  "packages": {
    "": {
      "name": "lex-ai-n8n",
      "version": "0.1.0",
      "license": "UNLICENSED",
      "workspaces": [
        "packages/*",
        "mcp-servers/*",
        "services/*"
      ],
      "devDependencies": {
        "typescript": "^5.6.0"
      },
      "engines": {
        "node": ">=22"
      }
    },
    "mcp-servers/escavador": {
      "name": "@lex/mcp-escavador",
      "version": "0.1.0",
      "dependencies": {
        "@lex/dominio": "*",
        "@lex/mcp-core": "*",
        "@lex/sdk-escavador": "*"
      }
    },
    "mcp-servers/trello": {
      "name": "@lex/mcp-trello",
      "version": "0.1.0",
      "dependencies": {
        "@lex/dominio": "*",
        "@lex/mcp-core": "*",
        "@lex/sdk-trello": "*"
      }
    },
    "node_modules/@lex/auditoria": {
      "resolved": "services/auditoria",
      "link": true
    },
    "node_modules/@lex/dominio": {
      "resolved": "packages/dominio",
      "link": true
    },
    "node_modules/@lex/mcp-core": {
      "resolved": "packages/mcp-core",
      "link": true
    },
    "node_modules/@lex/mcp-escavador": {
      "resolved": "mcp-servers/escavador",
      "link": true
    },
    "node_modules/@lex/mcp-trello": {
      "resolved": "mcp-servers/trello",
      "link": true
    },
    "node_modules/@lex/policy-gate": {
      "resolved": "services/policy-gate",
      "link": true
    },
    "node_modules/@lex/receptor-callbacks": {
      "resolved": "services/receptor-callbacks",
      "link": true
    },
    "node_modules/@lex/sdk-escavador": {
      "resolved": "packages/sdk-escavador",
      "link": true
    },
    "node_modules/@lex/sdk-trello": {
      "resolved": "packages/sdk-trello",
      "link": true
    },
    "node_modules/typescript": {
      "version": "5.9.3",
      "resolved": "https://registry.npmjs.org/typescript/-/typescript-5.9.3.tgz",
      "integrity": "sha512-jl1vZzPDinLr9eUt3J/t7V6FgNEw9QjvBPdysz9KfQDD41fQrC2Y4vKQdiaUpFT4bXlb1RHhLpp8wtm6M5TgSw==",
      "dev": true,
      "license": "Apache-2.0",
      "bin": {
        "tsc": "bin/tsc",
        "tsserver": "bin/tsserver"
      },
      "engines": {
        "node": ">=14.17"
      }
    },
    "packages/dominio": {
      "name": "@lex/dominio",
      "version": "0.1.0"
    },
    "packages/mcp-core": {
      "name": "@lex/mcp-core",
      "version": "0.1.0",
      "dependencies": {
        "@lex/dominio": "*"
      }
    },
    "packages/sdk-escavador": {
      "name": "@lex/sdk-escavador",
      "version": "0.1.0"
    },
    "packages/sdk-trello": {
      "name": "@lex/sdk-trello",
      "version": "0.1.0"
    },
    "services/auditoria": {
      "name": "@lex/auditoria",
      "version": "0.1.0",
      "dependencies": {
        "@lex/dominio": "*"
      }
    },
    "services/policy-gate": {
      "name": "@lex/policy-gate",
      "version": "0.1.0",
      "dependencies": {
        "@lex/dominio": "*"
      }
    },
    "services/receptor-callbacks": {
      "name": "@lex/receptor-callbacks",
      "version": "0.1.0",
      "dependencies": {
        "@lex/dominio": "*"
      }
    }
  }
}
